Microsoft Visual Studio Solution File, Format Version 12.00
# Visual Studio 15
VisualStudioVersion = 15.0.26510.0
MinimumVisualStudioVersion = 10.0.40219.1
Project("{2150E333-8FDC-42A3-9474-1A3956D46DE8}") = "src", "src", "{DA69F624-5398-4884-87E4-B816698CDE65}"
EndProject
Project("{2150E333-8FDC-42A3-9474-1A3956D46DE8}") = "Solution Items", "Solution Items", "{83B2C3EB-A3D8-4E6F-9A3C-A380B005EF31}"
	ProjectSection(SolutionItems) = preProject
		NuGet.config = NuGet.config
	EndProjectSection
EndProject
Project("{9A19103F-16F7-4668-BE54-9A1E7A4F7556}") = "Microsoft.AspNetCore.Sockets", "src\Microsoft.AspNetCore.Sockets\Microsoft.AspNetCore.Sockets.csproj", "{1715EA8D-8E13-4ACF-8BCA-57D048E55ED8}"
EndProject
Project("{9A19103F-16F7-4668-BE54-9A1E7A4F7556}") = "Microsoft.Extensions.WebSockets.Internal", "src\Microsoft.Extensions.WebSockets.Internal\Microsoft.Extensions.WebSockets.Internal.csproj", "{5D9DA986-2EAB-4C6D-BF15-9A4BDD4DE775}"
EndProject
Project("{9A19103F-16F7-4668-BE54-9A1E7A4F7556}") = "Microsoft.AspNetCore.SignalR", "src\Microsoft.AspNetCore.SignalR\Microsoft.AspNetCore.SignalR.csproj", "{42E76F87-92B6-45AB-BF07-6B811C0F2CAC}"
EndProject
Project("{9A19103F-16F7-4668-BE54-9A1E7A4F7556}") = "Microsoft.AspNetCore.SignalR.Redis", "src\Microsoft.AspNetCore.SignalR.Redis\Microsoft.AspNetCore.SignalR.Redis.csproj", "{59319B72-38BE-4041-8E5C-FF6938874CE8}"
EndProject
Project("{9A19103F-16F7-4668-BE54-9A1E7A4F7556}") = "Microsoft.AspNetCore.WebSockets.Internal", "src\Microsoft.AspNetCore.WebSockets.Internal\Microsoft.AspNetCore.WebSockets.Internal.csproj", "{FFFE71F8-E476-4BCD-9689-F106EE1C1497}"
EndProject
Project("{9A19103F-16F7-4668-BE54-9A1E7A4F7556}") = "Microsoft.AspNetCore.SignalR.Test.Server", "client-ts\Microsoft.AspNetCore.SignalR.Test.Server\Microsoft.AspNetCore.SignalR.Test.Server.csproj", "{A0BF246B-FE7D-4E12-99BF-FFDC131B85D8}"
EndProject
Project("{9A19103F-16F7-4668-BE54-9A1E7A4F7556}") = "Microsoft.AspNetCore.Sockets.Client", "src\Microsoft.AspNetCore.Sockets.Client\Microsoft.AspNetCore.Sockets.Client.csproj", "{623FD372-36DE-41A9-A564-F6040D570DBD}"
EndProject
Project("{9A19103F-16F7-4668-BE54-9A1E7A4F7556}") = "Microsoft.AspNetCore.SignalR.Common", "src\Microsoft.AspNetCore.SignalR.Common\Microsoft.AspNetCore.SignalR.Common.csproj", "{E37324FF-6BAF-4243-BA80-7C024CF5F29D}"
EndProject
Project("{9A19103F-16F7-4668-BE54-9A1E7A4F7556}") = "Microsoft.AspNetCore.SignalR.Client", "src\Microsoft.AspNetCore.SignalR.Client\Microsoft.AspNetCore.SignalR.Client.csproj", "{354335AB-CEE9-4434-A641-78058F6EFE56}"
EndProject
Project("{9A19103F-16F7-4668-BE54-9A1E7A4F7556}") = "Microsoft.AspNetCore.Sockets.Common", "src\Microsoft.AspNetCore.Sockets.Common\Microsoft.AspNetCore.Sockets.Common.csproj", "{F3EFFD9F-DD85-48A2-9B11-83A133ECC099}"
EndProject
Project("{9A19103F-16F7-4668-BE54-9A1E7A4F7556}") = "Microsoft.AspNetCore.SignalR.Client.TS", "client-ts\Microsoft.AspNetCore.SignalR.Client.TS\Microsoft.AspNetCore.SignalR.Client.TS.csproj", "{333526A4-633B-491A-AC45-CC62A0012D1C}"
EndProject
Project("{2150E333-8FDC-42A3-9474-1A3956D46DE8}") = "client-ts", "client-ts", "{3A76C5A2-79ED-49BC-8BDC-6A3A766FFA1B}"
	ProjectSection(SolutionItems) = preProject
		client-ts\package.json = client-ts\package.json
	EndProjectSection
EndProject
Project("{9A19103F-16F7-4668-BE54-9A1E7A4F7556}") = "Microsoft.AspNetCore.Sockets.Abstractions", "src\Microsoft.AspNetCore.Sockets.Abstractions\Microsoft.AspNetCore.Sockets.Abstractions.csproj", "{F2E4FBD6-9AEA-4A82-BAC9-3FAACA677DF8}"
EndProject
Project("{9A19103F-16F7-4668-BE54-9A1E7A4F7556}") = "Microsoft.AspNetCore.SignalR.Http", "src\Microsoft.AspNetCore.SignalR.Http\Microsoft.AspNetCore.SignalR.Http.csproj", "{FD80BB0F-0876-4F11-8D84-6657C8EF84CA}"
EndProject
Project("{9A19103F-16F7-4668-BE54-9A1E7A4F7556}") = "Microsoft.AspNetCore.Sockets.Http", "src\Microsoft.AspNetCore.Sockets.Http\Microsoft.AspNetCore.Sockets.Http.csproj", "{9E403E93-3284-486F-9A5F-1E15FCE426A5}"
EndProject
Global
	GlobalSection(SolutionConfigurationPlatforms) = preSolution
		Debug|Any CPU = Debug|Any CPU
		Release|Any CPU = Release|Any CPU
	EndGlobalSection
	GlobalSection(ProjectConfigurationPlatforms) = postSolution
		{1715EA8D-8E13-4ACF-8BCA-57D048E55ED8}.Debug|Any CPU.ActiveCfg = Debug|Any CPU
		{1715EA8D-8E13-4ACF-8BCA-57D048E55ED8}.Debug|Any CPU.Build.0 = Debug|Any CPU
		{1715EA8D-8E13-4ACF-8BCA-57D048E55ED8}.Release|Any CPU.ActiveCfg = Release|Any CPU
		{1715EA8D-8E13-4ACF-8BCA-57D048E55ED8}.Release|Any CPU.Build.0 = Release|Any CPU
		{5D9DA986-2EAB-4C6D-BF15-9A4BDD4DE775}.Debug|Any CPU.ActiveCfg = Debug|Any CPU
		{5D9DA986-2EAB-4C6D-BF15-9A4BDD4DE775}.Debug|Any CPU.Build.0 = Debug|Any CPU
		{5D9DA986-2EAB-4C6D-BF15-9A4BDD4DE775}.Release|Any CPU.ActiveCfg = Release|Any CPU
		{5D9DA986-2EAB-4C6D-BF15-9A4BDD4DE775}.Release|Any CPU.Build.0 = Release|Any CPU
		{42E76F87-92B6-45AB-BF07-6B811C0F2CAC}.Debug|Any CPU.ActiveCfg = Debug|Any CPU
		{42E76F87-92B6-45AB-BF07-6B811C0F2CAC}.Debug|Any CPU.Build.0 = Debug|Any CPU
		{42E76F87-92B6-45AB-BF07-6B811C0F2CAC}.Release|Any CPU.ActiveCfg = Release|Any CPU
		{42E76F87-92B6-45AB-BF07-6B811C0F2CAC}.Release|Any CPU.Build.0 = Release|Any CPU
		{59319B72-38BE-4041-8E5C-FF6938874CE8}.Debug|Any CPU.ActiveCfg = Debug|Any CPU
		{59319B72-38BE-4041-8E5C-FF6938874CE8}.Debug|Any CPU.Build.0 = Debug|Any CPU
		{59319B72-38BE-4041-8E5C-FF6938874CE8}.Release|Any CPU.ActiveCfg = Release|Any CPU
		{59319B72-38BE-4041-8E5C-FF6938874CE8}.Release|Any CPU.Build.0 = Release|Any CPU
		{FFFE71F8-E476-4BCD-9689-F106EE1C1497}.Debug|Any CPU.ActiveCfg = Debug|Any CPU
		{FFFE71F8-E476-4BCD-9689-F106EE1C1497}.Debug|Any CPU.Build.0 = Debug|Any CPU
		{FFFE71F8-E476-4BCD-9689-F106EE1C1497}.Release|Any CPU.ActiveCfg = Release|Any CPU
		{FFFE71F8-E476-4BCD-9689-F106EE1C1497}.Release|Any CPU.Build.0 = Release|Any CPU
		{A0BF246B-FE7D-4E12-99BF-FFDC131B85D8}.Debug|Any CPU.ActiveCfg = Debug|Any CPU
		{A0BF246B-FE7D-4E12-99BF-FFDC131B85D8}.Debug|Any CPU.Build.0 = Debug|Any CPU
		{A0BF246B-FE7D-4E12-99BF-FFDC131B85D8}.Release|Any CPU.ActiveCfg = Release|Any CPU
		{A0BF246B-FE7D-4E12-99BF-FFDC131B85D8}.Release|Any CPU.Build.0 = Release|Any CPU
		{623FD372-36DE-41A9-A564-F6040D570DBD}.Debug|Any CPU.ActiveCfg = Debug|Any CPU
		{623FD372-36DE-41A9-A564-F6040D570DBD}.Debug|Any CPU.Build.0 = Debug|Any CPU
		{623FD372-36DE-41A9-A564-F6040D570DBD}.Release|Any CPU.ActiveCfg = Release|Any CPU
		{623FD372-36DE-41A9-A564-F6040D570DBD}.Release|Any CPU.Build.0 = Release|Any CPU
		{E37324FF-6BAF-4243-BA80-7C024CF5F29D}.Debug|Any CPU.ActiveCfg = Debug|Any CPU
		{E37324FF-6BAF-4243-BA80-7C024CF5F29D}.Debug|Any CPU.Build.0 = Debug|Any CPU
		{E37324FF-6BAF-4243-BA80-7C024CF5F29D}.Release|Any CPU.ActiveCfg = Release|Any CPU
		{E37324FF-6BAF-4243-BA80-7C024CF5F29D}.Release|Any CPU.Build.0 = Release|Any CPU
		{354335AB-CEE9-4434-A641-78058F6EFE56}.Debug|Any CPU.ActiveCfg = Debug|Any CPU
		{354335AB-CEE9-4434-A641-78058F6EFE56}.Debug|Any CPU.Build.0 = Debug|Any CPU
		{354335AB-CEE9-4434-A641-78058F6EFE56}.Release|Any CPU.ActiveCfg = Release|Any CPU
		{354335AB-CEE9-4434-A641-78058F6EFE56}.Release|Any CPU.Build.0 = Release|Any CPU
		{F3EFFD9F-DD85-48A2-9B11-83A133ECC099}.Debug|Any CPU.ActiveCfg = Debug|Any CPU
		{F3EFFD9F-DD85-48A2-9B11-83A133ECC099}.Debug|Any CPU.Build.0 = Debug|Any CPU
		{F3EFFD9F-DD85-48A2-9B11-83A133ECC099}.Release|Any CPU.ActiveCfg = Release|Any CPU
		{F3EFFD9F-DD85-48A2-9B11-83A133ECC099}.Release|Any CPU.Build.0 = Release|Any CPU
		{333526A4-633B-491A-AC45-CC62A0012D1C}.Debug|Any CPU.ActiveCfg = Debug|Any CPU
		{333526A4-633B-491A-AC45-CC62A0012D1C}.Debug|Any CPU.Build.0 = Debug|Any CPU
		{333526A4-633B-491A-AC45-CC62A0012D1C}.Release|Any CPU.ActiveCfg = Release|Any CPU
		{333526A4-633B-491A-AC45-CC62A0012D1C}.Release|Any CPU.Build.0 = Release|Any CPU
		{F2E4FBD6-9AEA-4A82-BAC9-3FAACA677DF8}.Debug|Any CPU.ActiveCfg = Debug|Any CPU
		{F2E4FBD6-9AEA-4A82-BAC9-3FAACA677DF8}.Debug|Any CPU.Build.0 = Debug|Any CPU
		{F2E4FBD6-9AEA-4A82-BAC9-3FAACA677DF8}.Release|Any CPU.ActiveCfg = Release|Any CPU
		{F2E4FBD6-9AEA-4A82-BAC9-3FAACA677DF8}.Release|Any CPU.Build.0 = Release|Any CPU
		{FD80BB0F-0876-4F11-8D84-6657C8EF84CA}.Debug|Any CPU.ActiveCfg = Debug|Any CPU
		{FD80BB0F-0876-4F11-8D84-6657C8EF84CA}.Debug|Any CPU.Build.0 = Debug|Any CPU
		{FD80BB0F-0876-4F11-8D84-6657C8EF84CA}.Release|Any CPU.ActiveCfg = Release|Any CPU
		{FD80BB0F-0876-4F11-8D84-6657C8EF84CA}.Release|Any CPU.Build.0 = Release|Any CPU
		{9E403E93-3284-486F-9A5F-1E15FCE426A5}.Debug|Any CPU.ActiveCfg = Debug|Any CPU
		{9E403E93-3284-486F-9A5F-1E15FCE426A5}.Debug|Any CPU.Build.0 = Debug|Any CPU
		{9E403E93-3284-486F-9A5F-1E15FCE426A5}.Release|Any CPU.ActiveCfg = Release|Any CPU
		{9E403E93-3284-486F-9A5F-1E15FCE426A5}.Release|Any CPU.Build.0 = Release|Any CPU
	EndGlobalSection
	GlobalSection(SolutionProperties) = preSolution
		HideSolutionNode = FALSE
	EndGlobalSection
	GlobalSection(NestedProjects) = preSolution
		{1715EA8D-8E13-4ACF-8BCA-57D048E55ED8} = {DA69F624-5398-4884-87E4-B816698CDE65}
		{5D9DA986-2EAB-4C6D-BF15-9A4BDD4DE775} = {DA69F624-5398-4884-87E4-B816698CDE65}
		{42E76F87-92B6-45AB-BF07-6B811C0F2CAC} = {DA69F624-5398-4884-87E4-B816698CDE65}
		{59319B72-38BE-4041-8E5C-FF6938874CE8} = {DA69F624-5398-4884-87E4-B816698CDE65}
		{FFFE71F8-E476-4BCD-9689-F106EE1C1497} = {DA69F624-5398-4884-87E4-B816698CDE65}
		{A0BF246B-FE7D-4E12-99BF-FFDC131B85D8} = {3A76C5A2-79ED-49BC-8BDC-6A3A766FFA1B}
		{623FD372-36DE-41A9-A564-F6040D570DBD} = {DA69F624-5398-4884-87E4-B816698CDE65}
		{E37324FF-6BAF-4243-BA80-7C024CF5F29D} = {DA69F624-5398-4884-87E4-B816698CDE65}
		{354335AB-CEE9-4434-A641-78058F6EFE56} = {DA69F624-5398-4884-87E4-B816698CDE65}
		{F3EFFD9F-DD85-48A2-9B11-83A133ECC099} = {DA69F624-5398-4884-87E4-B816698CDE65}
		{333526A4-633B-491A-AC45-CC62A0012D1C} = {3A76C5A2-79ED-49BC-8BDC-6A3A766FFA1B}
		{F2E4FBD6-9AEA-4A82-BAC9-3FAACA677DF8} = {DA69F624-5398-4884-87E4-B816698CDE65}
		{FD80BB0F-0876-4F11-8D84-6657C8EF84CA} = {DA69F624-5398-4884-87E4-B816698CDE65}
		{9E403E93-3284-486F-9A5F-1E15FCE426A5} = {DA69F624-5398-4884-87E4-B816698CDE65}
	EndGlobalSection
EndGlobal
